schema: '2.0'
stages:
  data_cleaning:
    cmd: python src/data/data_cleaning.py
    deps:
    - path: data/raw/swiggy.csv
      hash: md5
      md5: 0b050b37dfe6cfbfaa18d7cb4e454377
      size: 7772212
    - path: src/data/data_cleaning.py
      hash: md5
      md5: 7710cf195d18fb36752a673aef32fbc1
      size: 9115
    outs:
    - path: data/cleaned/swiggy_cleaned.csv
      hash: md5
      md5: 9c73295ef0adcbe5a25131622bdfcc9d
      size: 4508527
